
Microsoft Visual Studio Solution File, Format Version 12.00
# Visual Studio 15
VisualStudioVersion = 15.0.27428.2015
MinimumVisualStudioVersion = 10.0.40219.1
Project("{8BC9CEB8-8B4A-11D0-8D11-00A0C91BC942}") = "Fire Net", "Fire Net\Fire Net.vcxproj", "{E061C849-31BE-480E-A9C3-0ADF67ECA795}"
EndProject
Global
	GlobalSection(SolutionConfigurationPlatforms) = preSolution
		Debug|x64 = Debug|x64
		Debug|x86 = Debug|x86
		Release|x64 = Release|x64
		Release|x86 = Release|x86
	EndGlobalSection
	GlobalSection(ProjectConfigurationPlatforms) = postSolution
		{E061C849-31BE-480E-A9C3-0ADF67ECA795}.Debug|x64.ActiveCfg = Debug|x64
		{E061C849-31BE-480E-A9C3-0ADF67ECA795}.Debug|x64.Build.0 = Debug|x64
		{E061C849-31BE-480E-A9C3-0ADF67ECA795}.Debug|x86.ActiveCfg = Debug|Win32
		{E061C849-31BE-480E-A9C3-0ADF67ECA795}.Debug|x86.Build.0 = Debug|Win32
		{E061C849-31BE-480E-A9C3-0ADF67ECA795}.Release|x64.ActiveCfg = Release|x64
		{E061C849-31BE-480E-A9C3-0ADF67ECA795}.Release|x64.Build.0 = Release|x64
		{E061C849-31BE-480E-A9C3-0ADF67ECA795}.Release|x86.ActiveCfg = Release|Win32
		{E061C849-31BE-480E-A9C3-0ADF67ECA795}.Release|x86.Build.0 = Release|Win32
	EndGlobalSection
	GlobalSection(SolutionProperties) = preSolution
		HideSolutionNode = FALSE
	EndGlobalSection
	GlobalSection(ExtensibilityGlobals) = postSolution
		SolutionGuid = {606C0D86-F1B1-4348-99F5-27DEC0261644}
	EndGlobalSection
EndGlobal
