
Microsoft Visual Studio Solution File, Format Version 12.00
# Visual Studio 15
VisualStudioVersion = 15.0.27428.2015
MinimumVisualStudioVersion = 10.0.40219.1
Project("{8BC9CEB8-8B4A-11D0-8D11-00A0C91BC942}") = "Train Problem I", "Train Problem I\Train Problem I.vcxproj", "{20CF7CAB-6B9C-41BE-90B6-892FCF7FBE24}"
EndProject
Global
	GlobalSection(SolutionConfigurationPlatforms) = preSolution
		Debug|x64 = Debug|x64
		Debug|x86 = Debug|x86
		Release|x64 = Release|x64
		Release|x86 = Release|x86
	EndGlobalSection
	GlobalSection(ProjectConfigurationPlatforms) = postSolution
		{20CF7CAB-6B9C-41BE-90B6-892FCF7FBE24}.Debug|x64.ActiveCfg = Debug|x64
		{20CF7CAB-6B9C-41BE-90B6-892FCF7FBE24}.Debug|x64.Build.0 = Debug|x64
		{20CF7CAB-6B9C-41BE-90B6-892FCF7FBE24}.Debug|x86.ActiveCfg = Debug|Win32
		{20CF7CAB-6B9C-41BE-90B6-892FCF7FBE24}.Debug|x86.Build.0 = Debug|Win32
		{20CF7CAB-6B9C-41BE-90B6-892FCF7FBE24}.Release|x64.ActiveCfg = Release|x64
		{20CF7CAB-6B9C-41BE-90B6-892FCF7FBE24}.Release|x64.Build.0 = Release|x64
		{20CF7CAB-6B9C-41BE-90B6-892FCF7FBE24}.Release|x86.ActiveCfg = Release|Win32
		{20CF7CAB-6B9C-41BE-90B6-892FCF7FBE24}.Release|x86.Build.0 = Release|Win32
	EndGlobalSection
	GlobalSection(SolutionProperties) = preSolution
		HideSolutionNode = FALSE
	EndGlobalSection
	GlobalSection(ExtensibilityGlobals) = postSolution
		SolutionGuid = {8841E52F-DA0A-45D0-A2A5-812E4AEFB816}
	EndGlobalSection
EndGlobal
